
Microsoft Visual Studio Solution File, Format Version 12.00
# Visual Studio Version 17
VisualStudioVersion = 17.10.35027.167
MinimumVisualStudioVersion = 10.0.40219.1
Project("{9A19103F-16F7-4668-BE54-9A1E7A4F7556}") = "Duende.IDP", "Duende.IDP\Duende.IDP.csproj", "{CC625FCC-4EDC-4F76-AB33-B980A43DDBEC}"
EndProject
Project("{9A19103F-16F7-4668-BE54-9A1E7A4F7556}") = "Web.UI", "Web.UI\Web.UI.csproj", "{4A3842D2-C78D-402E-935A-6E8614194FE7}"
EndProject
Project("{FAE04EC0-301F-11D3-BF4B-00C04F79EFBC}") = "Demo.Web.API", "Demo.Web.API\Demo.Web.API.csproj", "{3B0D719C-0C29-4744-8218-D316E9BF59CA}"
EndProject
Global
	GlobalSection(SolutionConfigurationPlatforms) = preSolution
		Debug|Any CPU = Debug|Any CPU
		Release|Any CPU = Release|Any CPU
	EndGlobalSection
	GlobalSection(ProjectConfigurationPlatforms) = postSolution
		{CC625FCC-4EDC-4F76-AB33-B980A43DDBEC}.Debug|Any CPU.ActiveCfg = Debug|Any CPU
		{CC625FCC-4EDC-4F76-AB33-B980A43DDBEC}.Debug|Any CPU.Build.0 = Debug|Any CPU
		{CC625FCC-4EDC-4F76-AB33-B980A43DDBEC}.Release|Any CPU.ActiveCfg = Release|Any CPU
		{CC625FCC-4EDC-4F76-AB33-B980A43DDBEC}.Release|Any CPU.Build.0 = Release|Any CPU
		{4A3842D2-C78D-402E-935A-6E8614194FE7}.Debug|Any CPU.ActiveCfg = Debug|Any CPU
		{4A3842D2-C78D-402E-935A-6E8614194FE7}.Debug|Any CPU.Build.0 = Debug|Any CPU
		{4A3842D2-C78D-402E-935A-6E8614194FE7}.Release|Any CPU.ActiveCfg = Release|Any CPU
		{4A3842D2-C78D-402E-935A-6E8614194FE7}.Release|Any CPU.Build.0 = Release|Any CPU
		{3B0D719C-0C29-4744-8218-D316E9BF59CA}.Debug|Any CPU.ActiveCfg = Debug|Any CPU
		{3B0D719C-0C29-4744-8218-D316E9BF59CA}.Debug|Any CPU.Build.0 = Debug|Any CPU
		{3B0D719C-0C29-4744-8218-D316E9BF59CA}.Release|Any CPU.ActiveCfg = Release|Any CPU
		{3B0D719C-0C29-4744-8218-D316E9BF59CA}.Release|Any CPU.Build.0 = Release|Any CPU
	EndGlobalSection
	GlobalSection(SolutionProperties) = preSolution
		HideSolutionNode = FALSE
	EndGlobalSection
	GlobalSection(ExtensibilityGlobals) = postSolution
		SolutionGuid = {E0372671-771D-49AE-9229-757F09F924EF}
	EndGlobalSection
EndGlobal
